
Microsoft Visual Studio Solution File, Format Version 12.00
# Visual Studio Version 16
VisualStudioVersion = 16.0.31025.194
MinimumVisualStudioVersion = 10.0.40219.1
Project("{9A19103F-16F7-4668-BE54-9A1E7A4F7556}") = "WebApplication1", "WebApplication1\WebApplication1.csproj", "{54390925-3FE3-4044-9AA8-D9BDB5F97634}"
EndProject
Project("{2150E333-8FDC-42A3-9474-1A3956D46DE8}") = "Solution Items", "Solution Items", "{6D6FA47D-6011-4921-B107-43DFC3930BC5}"
	ProjectSection(SolutionItems) = preProject
		Nots.txt = Nots.txt
	EndProjectSection
EndProject
Project("{FAE04EC0-301F-11D3-BF4B-00C04F79EFBC}") = "ConsoleApp1", "ConsoleApp1\ConsoleApp1.csproj", "{2192D5C4-574A-483A-9E1D-2D250AEE637A}"
EndProject
Global
	GlobalSection(SolutionConfigurationPlatforms) = preSolution
		Debug|Any CPU = Debug|Any CPU
		Release|Any CPU = Release|Any CPU
	EndGlobalSection
	GlobalSection(ProjectConfigurationPlatforms) = postSolution
		{54390925-3FE3-4044-9AA8-D9BDB5F97634}.Debug|Any CPU.ActiveCfg = Debug|Any CPU
		{54390925-3FE3-4044-9AA8-D9BDB5F97634}.Debug|Any CPU.Build.0 = Debug|Any CPU
		{54390925-3FE3-4044-9AA8-D9BDB5F97634}.Release|Any CPU.ActiveCfg = Release|Any CPU
		{54390925-3FE3-4044-9AA8-D9BDB5F97634}.Release|Any CPU.Build.0 = Release|Any CPU
		{2192D5C4-574A-483A-9E1D-2D250AEE637A}.Debug|Any CPU.ActiveCfg = Debug|Any CPU
		{2192D5C4-574A-483A-9E1D-2D250AEE637A}.Debug|Any CPU.Build.0 = Debug|Any CPU
		{2192D5C4-574A-483A-9E1D-2D250AEE637A}.Release|Any CPU.ActiveCfg = Release|Any CPU
		{2192D5C4-574A-483A-9E1D-2D250AEE637A}.Release|Any CPU.Build.0 = Release|Any CPU
	EndGlobalSection
	GlobalSection(SolutionProperties) = preSolution
		HideSolutionNode = FALSE
	EndGlobalSection
	GlobalSection(ExtensibilityGlobals) = postSolution
		SolutionGuid = {932D7185-C453-41C5-939C-8E888DD75832}
	EndGlobalSection
EndGlobal
